Microsoft Visual Studio Solution File, Format Version 12.00
# Visual Studio Version 17
VisualStudioVersion = 17.14.36015.10
MinimumVisualStudioVersion = 10.0.40219.1
Project("{FAE04EC0-301F-11D3-BF4B-00C04F79EFBC}") = "SylviaNG.Asset", "SylviaNG.Asset\SylviaNG.Asset.csproj", "{F16E3D33-4BC7-4083-B87B-2115176F3561}"
EndProject
Project("{FAE04EC0-301F-11D3-BF4B-00C04F79EFBC}") = "SylviaNG.Asset.Tests", "SylviaNG.Asset.Tests\SylviaNG.Asset.Tests.csproj", "{4866BDB9-56C9-460B-84D6-8F7F45CB980F}"
EndProject
Global
	GlobalSection(SolutionConfigurationPlatforms) = preSolution
		Debug|Any CPU = Debug|Any CPU
		Release|Any CPU = Release|Any CPU
	EndGlobalSection
	GlobalSection(ProjectConfigurationPlatforms) = postSolution
		{F16E3D33-4BC7-4083-B87B-2115176F3561}.Debug|Any CPU.ActiveCfg = Debug|Any CPU
		{F16E3D33-4BC7-4083-B87B-2115176F3561}.Debug|Any CPU.Build.0 = Debug|Any CPU
		{F16E3D33-4BC7-4083-B87B-2115176F3561}.Release|Any CPU.ActiveCfg = Release|Any CPU
		{F16E3D33-4BC7-4083-B87B-2115176F3561}.Release|Any CPU.Build.0 = Release|Any CPU
		{4866BDB9-56C9-460B-84D6-8F7F45CB980F}.Debug|Any CPU.ActiveCfg = Debug|Any CPU
		{4866BDB9-56C9-460B-84D6-8F7F45CB980F}.Debug|Any CPU.Build.0 = Debug|Any CPU
		{4866BDB9-56C9-460B-84D6-8F7F45CB980F}.Release|Any CPU.ActiveCfg = Release|Any CPU
		{4866BDB9-56C9-460B-84D6-8F7F45CB980F}.Release|Any CPU.Build.0 = Release|Any CPU
	EndGlobalSection
	GlobalSection(SolutionProperties) = preSolution
		HideSolutionNode = FALSE
	EndGlobalSection
	GlobalSection(ExtensibilityGlobals) = postSolution
		SolutionGuid = {22AC2F59-7BDD-4628-AE56-83BB21DA0407}
	EndGlobalSection
EndGlobal